// !$*UTF8*$!
{
	archiveVersion = 1;
	classes = {
	};
	objectVersion = 46;
	objects = {

/* Begin PBXBuildFile section */
		3134D7BB8D42408462CD7F68 /* libPods-ContactApplication.a in Frameworks */ = {isa = PBXBuildFile; fileRef = A6D14C0CDF2F8F77F98F4DD8 /* libPods-ContactApplication.a */; };
		D26BA8C91D126232004E716C /* main.m in Sources */ = {isa = PBXBuildFile; fileRef = D26BA8C81D126232004E716C /* main.m */; };
		D26BA8CC1D126232004E716C /* AppDelegate.m in Sources */ = {isa = PBXBuildFile; fileRef = D26BA8CB1D126232004E716C /* AppDelegate.m */; };
		D26BA8D21D126232004E716C /* Main.storyboard in Resources */ = {isa = PBXBuildFile; fileRef = D26BA8D01D126232004E716C /* Main.storyboard */; };
		D26BA8D51D126232004E716C /* ContactApplication.xcdatamodeld in Sources */ = {isa = PBXBuildFile; fileRef = D26BA8D31D126232004E716C /* ContactApplication.xcdatamodeld */; };
		D26BA8D71D126232004E716C /* Assets.xcassets in Resources */ = {isa = PBXBuildFile; fileRef = D26BA8D61D126232004E716C /* Assets.xcassets */; };
		D26BA8DA1D126232004E716C /* LaunchScreen.storyboard in Resources */ = {isa = PBXBuildFile; fileRef = D26BA8D81D126232004E716C /* LaunchScreen.storyboard */; };
		D26BA8E51D126232004E716C /* ContactApplicationTests.m in Sources */ = {isa = PBXBuildFile; fileRef = D26BA8E41D126232004E716C /* ContactApplicationTests.m */; };
		D26BA8F01D126232004E716C /* ContactApplicationUITests.m in Sources */ = {isa = PBXBuildFile; fileRef = D26BA8EF1D126232004E716C /* ContactApplicationUITests.m */; };
		D26BA9021D1265BC004E716C /* CoreData.framework in Frameworks */ = {isa = PBXBuildFile; fileRef = D26BA9011D1265BC004E716C /* CoreData.framework */; };
		D26BA9051D126628004E716C /* TableViewController.m in Sources */ = {isa = PBXBuildFile; fileRef = D26BA9041D126628004E716C /* TableViewController.m */; };
		D26BA90B1D12744E004E716C /* AddContactViewController.m in Sources */ = {isa = PBXBuildFile; fileRef = D26BA90A1D12744E004E716C /* AddContactViewController.m */; };
		D26BA90E1D128000004E716C /* TableViewCell.m in Sources */ = {isa = PBXBuildFile; fileRef = D26BA90D1D128000004E716C /* TableViewCell.m */; };
		D26BA9111D12887B004E716C /* user.png in Resources */ = {isa = PBXBuildFile; fileRef = D26BA90F1D12887B004E716C /* user.png */; };
		D26BA9121D12887B004E716C /* user64.png in Resources */ = {isa = PBXBuildFile; fileRef = D26BA9101D12887B004E716C /* user64.png */; };
		D26BA9181D129709004E716C /* TextFieldValidator.m in Sources */ = {isa = PBXBuildFile; fileRef = D26BA9171D129709004E716C /* TextFieldValidator.m */; };
		D26BA91B1D129827004E716C /* error.png in Resources */ = {isa = PBXBuildFile; fileRef = D26BA91A1D129827004E716C /* error.png */; };
		D2ADB8EC1D14016600E89664 /* ShowDetailViewController.m in Sources */ = {isa = PBXBuildFile; fileRef = D2ADB8EB1D14016600E89664 /* ShowDetailViewController.m */; };
		D2CD34A41D190CC200C6F1FA /* ascending.png in Resources */ = {isa = PBXBuildFile; fileRef = D2CD34A31D190CC200C6F1FA /* ascending.png */; };
		D2CD34A61D190CCE00C6F1FA /* descending.png in Resources */ = {isa = PBXBuildFile; fileRef = D2CD34A51D190CCE00C6F1FA /* descending.png */; };
		D2CD34A81D190DFB00C6F1FA /* alphabetical_sorting.png in Resources */ = {isa = PBXBuildFile; fileRef = D2CD34A71D190DFB00C6F1FA /* alphabetical_sorting.png */; };
		D2CD34AA1D190E1900C6F1FA /* alphabetical_sorting.png in Resources */ = {isa = PBXBuildFile; fileRef = D2CD34A91D190E1900C6F1FA /* alphabetical_sorting.png */; };
/* End PBXBuildFile section */

/* Begin PBXContainerItemProxy section */
		D26BA8E11D126232004E716C /* PBXContainerItemProxy */ = {
			isa = PBXContainerItemProxy;
			containerPortal = D26BA8BC1D126232004E716C /* Project object */;
			proxyType = 1;
			remoteGlobalIDString = D26BA8C31D126232004E716C;
			remoteInfo = ContactApplication;
		};
		D26BA8EC1D126232004E716C /* PBXContainerItemProxy */ = {
			isa = PBXContainerItemProxy;
			containerPortal = D26BA8BC1D126232004E716C /* Project object */;
			proxyType = 1;
			remoteGlobalIDString = D26BA8C31D126232004E716C;
			remoteInfo = ContactApplication;
		};
/* End PBXContainerItemProxy section */

/* Begin PBXFileReference section */
		078869584BA4DECD4CE88EF7 /* Pods-ContactApplication.release.xcconfig */ = {isa = PBXFileReference; includeInIndex = 1; lastKnownFileType = text.xcconfig; name = "Pods-ContactApplication.release.xcconfig"; path = "Pods/Target Support Files/Pods-ContactApplication/Pods-ContactApplication.release.xcconfig"; sourceTree = "<group>"; };
		A6D14C0CDF2F8F77F98F4DD8 /* libPods-ContactApplication.a */ = {isa = PBXFileReference; explicitFileType = archive.ar; includeInIndex = 0; path = "libPods-ContactApplication.a"; sourceTree = BUILT_PRODUCTS_DIR; };
		D26BA8C41D126232004E716C /* ContactApplication.app */ = {isa = PBXFileReference; explicitFileType = wrapper.application; includeInIndex = 0; path = ContactApplication.app; sourceTree = BUILT_PRODUCTS_DIR; };
		D26BA8C81D126232004E716C /* main.m */ = {isa = PBXFileReference; lastKnownFileType = sourcecode.c.objc; path = main.m; sourceTree = "<group>"; };
		D26BA8CA1D126232004E716C /* AppDelegate.h */ = {isa = PBXFileReference; lastKnownFileType = sourcecode.c.h; path = AppDelegate.h; sourceTree = "<group>"; };
		D26BA8CB1D126232004E716C /* AppDelegate.m */ = {isa = PBXFileReference; lastKnownFileType = sourcecode.c.objc; path = AppDelegate.m; sourceTree = "<group>"; };
		D26BA8D11D126232004E716C /* Base */ = {isa = PBXFileReference; lastKnownFileType = file.storyboard; name = Base; path = Base.lproj/Main.storyboard; sourceTree = "<group>"; };
		D26BA8D41D126232004E716C /* ContactApplication.xcdatamodel */ = {isa = PBXFileReference; lastKnownFileType = wrapper.xcdatamodel; path = ContactApplication.xcdatamodel; sourceTree = "<group>"; };
		D26BA8D61D126232004E716C /* Assets.xcassets */ = {isa = PBXFileReference; lastKnownFileType = folder.assetcatalog; path = Assets.xcassets; sourceTree = "<group>"; };
		D26BA8D91D126232004E716C /* Base */ = {isa = PBXFileReference; lastKnownFileType = file.storyboard; name = Base; path = Base.lproj/LaunchScreen.storyboard; sourceTree = "<group>"; };
		D26BA8DB1D126232004E716C /* Info.plist */ = {isa = PBXFileReference; lastKnownFileType = text.plist.xml; path = Info.plist; sourceTree = "<group>"; };
		D26BA8E01D126232004E716C /* ContactApplicationTests.xctest */ = {isa = PBXFileReference; explicitFileType = wrapper.cfbundle; includeInIndex = 0; path = ContactApplicationTests.xctest; sourceTree = BUILT_PRODUCTS_DIR; };
		D26BA8E41D126232004E716C /* ContactApplicationTests.m */ = {isa = PBXFileReference; lastKnownFileType = sourcecode.c.objc; path = ContactApplicationTests.m; sourceTree = "<group>"; };
		D26BA8E61D126232004E716C /* Info.plist */ = {isa = PBXFileReference; lastKnownFileType = text.plist.xml; path = Info.plist; sourceTree = "<group>"; };
		D26BA8EB1D126232004E716C /* ContactApplicationUITests.xctest */ = {isa = PBXFileReference; explicitFileType = wrapper.cfbundle; includeInIndex = 0; path = ContactApplicationUITests.xctest; sourceTree = BUILT_PRODUCTS_DIR; };
		D26BA8EF1D126232004E716C /* ContactApplicationUITests.m */ = {isa = PBXFileReference; lastKnownFileType = sourcecode.c.objc; path = ContactApplicationUITests.m; sourceTree = "<group>"; };
		D26BA8F11D126232004E716C /* Info.plist */ = {isa = PBXFileReference; lastKnownFileType = text.plist.xml; path = Info.plist; sourceTree = "<group>"; };
		D26BA9011D1265BC004E716C /* CoreData.framework */ = {isa = PBXFileReference; lastKnownFileType = wrapper.framework; name = CoreData.framework; path = System/Library/Frameworks/CoreData.framework; sourceTree = SDKROOT; };
		D26BA9031D126628004E716C /* TableViewController.h */ = {isa = PBXFileReference; fileEncoding = 4; lastKnownFileType = sourcecode.c.h; path = TableViewController.h; sourceTree = "<group>"; };
		D26BA9041D126628004E716C /* TableViewController.m */ = {isa = PBXFileReference; fileEncoding = 4; lastKnownFileType = sourcecode.c.objc; path = TableViewController.m; sourceTree = "<group>"; };
		D26BA9091D12744E004E716C /* AddContactViewController.h */ = {isa = PBXFileReference; fileEncoding = 4; lastKnownFileType = sourcecode.c.h; path = AddContactViewController.h; sourceTree = "<group>"; };
		D26BA90A1D12744E004E716C /* AddContactViewController.m */ = {isa = PBXFileReference; fileEncoding = 4; lastKnownFileType = sourcecode.c.objc; path = AddContactViewController.m; sourceTree = "<group>"; };
		D26BA90C1D128000004E716C /* TableViewCell.h */ = {isa = PBXFileReference; fileEncoding = 4; lastKnownFileType = sourcecode.c.h; path = TableViewCell.h; sourceTree = "<group>"; };
		D26BA90D1D128000004E716C /* TableViewCell.m */ = {isa = PBXFileReference; fileEncoding = 4; lastKnownFileType = sourcecode.c.objc; path = TableViewCell.m; sourceTree = "<group>"; };
		D26BA90F1D12887B004E716C /* user.png */ = {isa = PBXFileReference; lastKnownFileType = image.png; name = user.png; path = ../../../../Downloads/user.png; sourceTree = "<group>"; };
		D26BA9101D12887B004E716C /* user64.png */ = {isa = PBXFileReference; lastKnownFileType = image.png; name = user64.png; path = ../../../../Downloads/user64.png; sourceTree = "<group>"; };
		D26BA9161D129709004E716C /* TextFieldValidator.h */ = {isa = PBXFileReference; fileEncoding = 4; lastKnownFileType = sourcecode.c.h; path = TextFieldValidator.h; sourceTree = "<group>"; };
		D26BA9171D129709004E716C /* TextFieldValidator.m */ = {isa = PBXFileReference; fileEncoding = 4; lastKnownFileType = sourcecode.c.objc; path = TextFieldValidator.m; sourceTree = "<group>"; };
		D26BA91A1D129827004E716C /* error.png */ = {isa = PBXFileReference; lastKnownFileType = image.png; name = error.png; path = ../../../../Downloads/error.png; sourceTree = "<group>"; };
		D2ADB8EA1D14016600E89664 /* ShowDetailViewController.h */ = {isa = PBXFileReference; fileEncoding = 4; lastKnownFileType = sourcecode.c.h; path = ShowDetailViewController.h; sourceTree = "<group>"; };
		D2ADB8EB1D14016600E89664 /* ShowDetailViewController.m */ = {isa = PBXFileReference; fileEncoding = 4; lastKnownFileType = sourcecode.c.objc; path = ShowDetailViewController.m; sourceTree = "<group>"; };
		D2CD34A31D190CC200C6F1FA /* ascending.png */ = {isa = PBXFileReference; lastKnownFileType = image.png; name = ascending.png; path = ../../../../../../var/folders/71/6dn1clgd3014bgj28gj2jkr80000gn/T/iOS7/SVG/Data/ascending.png; sourceTree = "<group>"; };
		D2CD34A51D190CCE00C6F1FA /* descending.png */ = {isa = PBXFileReference; lastKnownFileType = image.png; name = descending.png; path = ../../../../../../var/folders/71/6dn1clgd3014bgj28gj2jkr80000gn/T/iOS7/SVG/Data/descending.png; sourceTree = "<group>"; };
		D2CD34A71D190DFB00C6F1FA /* alphabetical_sorting.png */ = {isa = PBXFileReference; lastKnownFileType = image.png; name = alphabetical_sorting.png; path = ../../../../../../var/folders/71/6dn1clgd3014bgj28gj2jkr80000gn/T/iOS7/SVG/Data/alphabetical_sorting.png; sourceTree = "<group>"; };
		D2CD34A91D190E1900C6F1FA /* alphabetical_sorting.png */ = {isa = PBXFileReference; lastKnownFileType = image.png; name = alphabetical_sorting.png; path = ../../../../../../var/folders/71/6dn1clgd3014bgj28gj2jkr80000gn/T/iOS7/SVG/Data/alphabetical_sorting.png; sourceTree = "<group>"; };
		EA4D81AB7611F3857A499548 /* Pods-ContactApplication.debug.xcconfig */ = {isa = PBXFileReference; includeInIndex = 1; lastKnownFileType = text.xcconfig; name = "Pods-ContactApplication.debug.xcconfig"; path = "Pods/Target Support Files/Pods-ContactApplication/Pods-ContactApplication.debug.xcconfig"; sourceTree = "<group>"; };
/* End PBXFileReference section */

/* Begin PBXFrameworksBuildPhase section */
		D26BA8C11D126232004E716C /* Frameworks */ = {
			isa = PBXFrameworksBuildPhase;
			buildActionMask = 2147483647;
			files = (
				D26BA9021D1265BC004E716C /* CoreData.framework in Frameworks */,
				3134D7BB8D42408462CD7F68 /* libPods-ContactApplication.a in Frameworks */,
			);
			runOnlyForDeploymentPostprocessing = 0;
		};
		D26BA8DD1D126232004E716C /* Frameworks */ = {
			isa = PBXFrameworksBuildPhase;
			buildActionMask = 2147483647;
			files = (
			);
			runOnlyForDeploymentPostprocessing = 0;
		};
		D26BA8E81D126232004E716C /* Frameworks */ = {
			isa = PBXFrameworksBuildPhase;
			buildActionMask = 2147483647;
			files = (
			);
			runOnlyForDeploymentPostprocessing = 0;
		};
/* End PBXFrameworksBuildPhase section */

/* Begin PBXGroup section */
		3392EA27394861CBE0DA93A4 /* Pods */ = {
			isa = PBXGroup;
			children = (
				EA4D81AB7611F3857A499548 /* Pods-ContactApplication.debug.xcconfig */,
				078869584BA4DECD4CE88EF7 /* Pods-ContactApplication.release.xcconfig */,
			);
			name = Pods;
			sourceTree = "<group>";
		};
		B127D23A47C9C07F28945510 /* Frameworks */ = {
			isa = PBXGroup;
			children = (
				A6D14C0CDF2F8F77F98F4DD8 /* libPods-ContactApplication.a */,
			);
			name = Frameworks;
			sourceTree = "<group>";
		};
		D26BA8BB1D126232004E716C = {
			isa = PBXGroup;
			children = (
				D26BA9011D1265BC004E716C /* CoreData.framework */,
				D26BA8C61D126232004E716C /* ContactApplication */,
				D26BA8E31D126232004E716C /* ContactApplicationTests */,
				D26BA8EE1D126232004E716C /* ContactApplicationUITests */,
				D26BA8C51D126232004E716C /* Products */,
				3392EA27394861CBE0DA93A4 /* Pods */,
				B127D23A47C9C07F28945510 /* Frameworks */,
			);
			sourceTree = "<group>";
		};
		D26BA8C51D126232004E716C /* Products */ = {
			isa = PBXGroup;
			children = (
				D26BA8C41D126232004E716C /* ContactApplication.app */,
				D26BA8E01D126232004E716C /* ContactApplicationTests.xctest */,
				D26BA8EB1D126232004E716C /* ContactApplicationUITests.xctest */,
			);
			name = Products;
			sourceTree = "<group>";
		};
		D26BA8C61D126232004E716C /* ContactApplication */ = {
			isa = PBXGroup;
			children = (
				D26BA9151D129676004E716C /* Add Contact */,
				D2ADB8ED1D1401E200E89664 /* ShowDetail */,
				D26BA9001D126595004E716C /* Table */,
				D2ADB8E91D13DBDB00E89664 /* StoryBoard */,
				D26BA8D61D126232004E716C /* Assets.xcassets */,
				D26BA9131D128887004E716C /* asset */,
				D26BA8D81D126232004E716C /* LaunchScreen.storyboard */,
				D26BA8DB1D126232004E716C /* Info.plist */,
				D26BA8D31D126232004E716C /* ContactApplication.xcdatamodeld */,
				D26BA8CA1D126232004E716C /* AppDelegate.h */,
				D26BA8CB1D126232004E716C /* AppDelegate.m */,
				D26BA8C71D126232004E716C /* Supporting Files */,
			);
			path = ContactApplication;
			sourceTree = "<group>";
		};
		D26BA8C71D126232004E716C /* Supporting Files */ = {
			isa = PBXGroup;
			children = (
				D26BA8C81D126232004E716C /* main.m */,
			);
			name = "Supporting Files";
			sourceTree = "<group>";
		};
		D26BA8E31D126232004E716C /* ContactApplicationTests */ = {
			isa = PBXGroup;
			children = (
				D26BA8E41D126232004E716C /* ContactApplicationTests.m */,
				D26BA8E61D126232004E716C /* Info.plist */,
			);
			path = ContactApplicationTests;
			sourceTree = "<group>";
		};
		D26BA8EE1D126232004E716C /* ContactApplicationUITests */ = {
			isa = PBXGroup;
			children = (
				D26BA8EF1D126232004E716C /* ContactApplicationUITests.m */,
				D26BA8F11D126232004E716C /* Info.plist */,
			);
			path = ContactApplicationUITests;
			sourceTree = "<group>";
		};
		D26BA9001D126595004E716C /* Table */ = {
			isa = PBXGroup;
			children = (
				D26BA9141D12965E004E716C /* Cell */,
				D26BA9031D126628004E716C /* TableViewController.h */,
				D26BA9041D126628004E716C /* TableViewController.m */,
			);
			name = Table;
			sourceTree = "<group>";
		};
		D26BA9131D128887004E716C /* asset */ = {
			isa = PBXGroup;
			children = (
				D2CD34A91D190E1900C6F1FA /* alphabetical_sorting.png */,
				D2CD34A71D190DFB00C6F1FA /* alphabetical_sorting.png */,
				D2CD34A51D190CCE00C6F1FA /* descending.png */,
				D2CD34A31D190CC200C6F1FA /* ascending.png */,
				D26BA91A1D129827004E716C /* error.png */,
				D26BA90F1D12887B004E716C /* user.png */,
				D26BA9101D12887B004E716C /* user64.png */,
			);
			name = asset;
			sourceTree = "<group>";
		};
		D26BA9141D12965E004E716C /* Cell */ = {
			isa = PBXGroup;
			children = (
				D26BA90C1D128000004E716C /* TableViewCell.h */,
				D26BA90D1D128000004E716C /* TableViewCell.m */,
			);
			name = Cell;
			sourceTree = "<group>";
		};
		D26BA9151D129676004E716C /* Add Contact */ = {
			isa = PBXGroup;
			children = (
				D26BA9191D129710004E716C /* Text Field */,
				D26BA9091D12744E004E716C /* AddContactViewController.h */,
				D26BA90A1D12744E004E716C /* AddContactViewController.m */,
			);
			name = "Add Contact";
			sourceTree = "<group>";
		};
		D26BA9191D129710004E716C /* Text Field */ = {
			isa = PBXGroup;
			children = (
				D26BA9161D129709004E716C /* TextFieldValidator.h */,
				D26BA9171D129709004E716C /* TextFieldValidator.m */,
			);
			name = "Text Field";
			sourceTree = "<group>";
		};
		D2ADB8E91D13DBDB00E89664 /* StoryBoard */ = {
			isa = PBXGroup;
			children = (
				D26BA8D01D126232004E716C /* Main.storyboard */,
			);
			name = StoryBoard;
			sourceTree = "<group>";
		};
		D2ADB8ED1D1401E200E89664 /* ShowDetail */ = {
			isa = PBXGroup;
			children = (
				D2ADB8EA1D14016600E89664 /* ShowDetailViewController.h */,
				D2ADB8EB1D14016600E89664 /* ShowDetailViewController.m */,
			);
			name = ShowDetail;
			sourceTree = "<group>";
		};
/* End PBXGroup section */

/* Begin PBXNativeTarget section */
		D26BA8C31D126232004E716C /* ContactApplication */ = {
			isa = PBXNativeTarget;
			buildConfigurationList = D26BA8F41D126232004E716C /* Build configuration list for PBXNativeTarget "ContactApplication" */;
			buildPhases = (
				EB0718A547C9ADC2DE295356 /* [CP] Check Pods Manifest.lock */,
				D26BA8C01D126232004E716C /* Sources */,
				D26BA8C11D126232004E716C /* Frameworks */,
				D26BA8C21D126232004E716C /* Resources */,
				D6215A32DEF3E5D332B3DE07 /* [CP] Embed Pods Frameworks */,
				EC45D9C1EAE3A14E84598EF2 /* [CP] Copy Pods Resources */,
			);
			buildRules = (
			);
			dependencies = (
			);
			name = ContactApplication;
			productName = ContactApplication;
			productReference = D26BA8C41D126232004E716C /* ContactApplication.app */;
			productType = "com.apple.product-type.application";
		};
		D26BA8DF1D126232004E716C /* ContactApplicationTests */ = {
			isa = PBXNativeTarget;
			buildConfigurationList = D26BA8F71D126232004E716C /* Build configuration list for PBXNativeTarget "ContactApplicationTests" */;
			buildPhases = (
				D26BA8DC1D126232004E716C /* Sources */,
				D26BA8DD1D126232004E716C /* Frameworks */,
				D26BA8DE1D126232004E716C /* Resources */,
			);
			buildRules = (
			);
			dependencies = (
				D26BA8E21D126232004E716C /* PBXTargetDependency */,
			);
			name = ContactApplicationTests;
			productName = ContactApplicationTests;
			productReference = D26BA8E01D126232004E716C /* ContactApplicationTests.xctest */;
			productType = "com.apple.product-type.bundle.unit-test";
		};
		D26BA8EA1D126232004E716C /* ContactApplicationUITests */ = {
			isa = PBXNativeTarget;
			buildConfigurationList = D26BA8FA1D126232004E716C /* Build configuration list for PBXNativeTarget "ContactApplicationUITests" */;
			buildPhases = (
				D26BA8E71D126232004E716C /* Sources */,
				D26BA8E81D126232004E716C /* Frameworks */,
				D26BA8E91D126232004E716C /* Resources */,
			);
			buildRules = (
			);
			dependencies = (
				D26BA8ED1D126232004E716C /* PBXTargetDependency */,
			);
			name = ContactApplicationUITests;
			productName = ContactApplicationUITests;
			productReference = D26BA8EB1D126232004E716C /* ContactApplicationUITests.xctest */;
			productType = "com.apple.product-type.bundle.ui-testing";
		};
/* End PBXNativeTarget section */

/* Begin PBXProject section */
		D26BA8BC1D126232004E716C /* Project object */ = {
			isa = PBXProject;
			attributes = {
				LastUpgradeCheck = 0730;
				ORGANIZATIONNAME = Bukalapak;
				TargetAttributes = {
					D26BA8C31D126232004E716C = {
						CreatedOnToolsVersion = 7.3.1;
					};
					D26BA8DF1D126232004E716C = {
						CreatedOnToolsVersion = 7.3.1;
						TestTargetID = D26BA8C31D126232004E716C;
					};
					D26BA8EA1D126232004E716C = {
						CreatedOnToolsVersion = 7.3.1;
						TestTargetID = D26BA8C31D126232004E716C;
					};
				};
			};
			buildConfigurationList = D26BA8BF1D126232004E716C /* Build configuration list for PBXProject "ContactApplication" */;
			compatibilityVersion = "Xcode 3.2";
			developmentRegion = English;
			hasScannedForEncodings = 0;
			knownRegions = (
				en,
				Base,
			);
			mainGroup = D26BA8BB1D126232004E716C;
			productRefGroup = D26BA8C51D126232004E716C /* Products */;
			projectDirPath = "";
			projectRoot = "";
			targets = (
				D26BA8C31D126232004E716C /* ContactApplication */,
				D26BA8DF1D126232004E716C /* ContactApplicationTests */,
				D26BA8EA1D126232004E716C /* ContactApplicationUITests */,
			);
		};
/* End PBXProject section */

/* Begin PBXResourcesBuildPhase section */
		D26BA8C21D126232004E716C /* Resources */ = {
			isa = PBXResourcesBuildPhase;
			buildActionMask = 2147483647;
			files = (
				D26BA9121D12887B004E716C /* user64.png in Resources */,
				D26BA8DA1D126232004E716C /* LaunchScreen.storyboard in Resources */,
				D2CD34AA1D190E1900C6F1FA /* alphabetical_sorting.png in Resources */,
				D26BA8D71D126232004E716C /* Assets.xcassets in Resources */,
				D26BA91B1D129827004E716C /* error.png in Resources */,
				D26BA9111D12887B004E716C /* user.png in Resources */,
				D2CD34A61D190CCE00C6F1FA /* descending.png in Resources */,
				D26BA8D21D126232004E716C /* Main.storyboard in Resources */,
				D2CD34A81D190DFB00C6F1FA /* alphabetical_sorting.png in Resources */,
				D2CD34A41D190CC200C6F1FA /* ascending.png in Resources */,
			);
			runOnlyForDeploymentPostprocessing = 0;
		};
		D26BA8DE1D126232004E716C /* Resources */ = {
			isa = PBXResourcesBuildPhase;
			buildActionMask = 2147483647;
			files = (
			);
			runOnlyForDeploymentPostprocessing = 0;
		};
		D26BA8E91D126232004E716C /* Resources */ = {
			isa = PBXResourcesBuildPhase;
			buildActionMask = 2147483647;
			files = (
			);
			runOnlyForDeploymentPostprocessing = 0;
		};
/* End PBXResourcesBuildPhase section */

/* Begin PBXShellScriptBuildPhase section */
		D6215A32DEF3E5D332B3DE07 /* [CP] Embed Pods Frameworks */ = {
			isa = PBXShellScriptBuildPhase;
			buildActionMask = 2147483647;
			files = (
			);
			inputPaths = (
			);
			name = "[CP] Embed Pods Frameworks";
			outputPaths = (
			);
			runOnlyForDeploymentPostprocessing = 0;
			shellPath = /bin/sh;
			shellScript = "\"${SRCROOT}/Pods/Target Support Files/Pods-ContactApplication/Pods-ContactApplication-frameworks.sh\"\n";
			showEnvVarsInLog = 0;
		};
		EB0718A547C9ADC2DE295356 /* [CP] Check Pods Manifest.lock */ = {
			isa = PBXShellScriptBuildPhase;
			buildActionMask = 2147483647;
			files = (
			);
			inputPaths = (
			);
			name = "[CP] Check Pods Manifest.lock";
			outputPaths = (
			);
			runOnlyForDeploymentPostprocessing = 0;
			shellPath = /bin/sh;
			shellScript = "diff \"${PODS_ROOT}/../Podfile.lock\" \"${PODS_ROOT}/Manifest.lock\" > /dev/null\nif [[ $? != 0 ]] ; then\n    cat << EOM\nerror: The sandbox is not in sync with the Podfile.lock. Run 'pod install' or update your CocoaPods installation.\nEOM\n    exit 1\nfi\n";
			showEnvVarsInLog = 0;
		};
		EC45D9C1EAE3A14E84598EF2 /* [CP] Copy Pods Resources */ = {
			isa = PBXShellScriptBuildPhase;
			buildActionMask = 2147483647;
			files = (
			);
			inputPaths = (
			);
			name = "[CP] Copy Pods Resources";
			outputPaths = (
			);
			runOnlyForDeploymentPostprocessing = 0;
			shellPath = /bin/sh;
			shellScript = "\"${SRCROOT}/Pods/Target Support Files/Pods-ContactApplication/Pods-ContactApplication-resources.sh\"\n";
			showEnvVarsInLog = 0;
		};
/* End PBXShellScriptBuildPhase section */

/* Begin PBXSourcesBuildPhase section */
		D26BA8C01D126232004E716C /* Sources */ = {
			isa = PBXSourcesBuildPhase;
			buildActionMask = 2147483647;
			files = (
				D2ADB8EC1D14016600E89664 /* ShowDetailViewController.m in Sources */,
				D26BA8CC1D126232004E716C /* AppDelegate.m in Sources */,
				D26BA90E1D128000004E716C /* TableViewCell.m in Sources */,
				D26BA9181D129709004E716C /* TextFieldValidator.m in Sources */,
				D26BA8C91D126232004E716C /* main.m in Sources */,
				D26BA8D51D126232004E716C /* ContactApplication.xcdatamodeld in Sources */,
				D26BA90B1D12744E004E716C /* AddContactViewController.m in Sources */,
				D26BA9051D126628004E716C /* TableViewController.m in Sources */,
			);
			runOnlyForDeploymentPostprocessing = 0;
		};
		D26BA8DC1D126232004E716C /* Sources */ = {
			isa = PBXSourcesBuildPhase;
			buildActionMask = 2147483647;
			files = (
				D26BA8E51D126232004E716C /* ContactApplicationTests.m in Sources */,
			);
			runOnlyForDeploymentPostprocessing = 0;
		};
		D26BA8E71D126232004E716C /* Sources */ = {
			isa = PBXSourcesBuildPhase;
			buildActionMask = 2147483647;
			files = (
				D26BA8F01D126232004E716C /* ContactApplicationUITests.m in Sources */,
			);
			runOnlyForDeploymentPostprocessing = 0;
		};
/* End PBXSourcesBuildPhase section */

/* Begin PBXTargetDependency section */
		D26BA8E21D126232004E716C /* PBXTargetDependency */ = {
			isa = PBXTargetDependency;
			target = D26BA8C31D126232004E716C /* ContactApplication */;
			targetProxy = D26BA8E11D126232004E716C /* PBXContainerItemProxy */;
		};
		D26BA8ED1D126232004E716C /* PBXTargetDependency */ = {
			isa = PBXTargetDependency;
			target = D26BA8C31D126232004E716C /* ContactApplication */;
			targetProxy = D26BA8EC1D126232004E716C /* PBXContainerItemProxy */;
		};
/* End PBXTargetDependency section */

/* Begin PBXVariantGroup section */
		D26BA8D01D126232004E716C /* Main.storyboard */ = {
			isa = PBXVariantGroup;
			children = (
				D26BA8D11D126232004E716C /* Base */,
			);
			name = Main.storyboard;
			sourceTree = "<group>";
		};
		D26BA8D81D126232004E716C /* LaunchScreen.storyboard */ = {
			isa = PBXVariantGroup;
			children = (
				D26BA8D91D126232004E716C /* Base */,
			);
			name = LaunchScreen.storyboard;
			sourceTree = "<group>";
		};
/* End PBXVariantGroup section */

/* Begin XCBuildConfiguration section */
		D26BA8F21D126232004E716C /* Debug */ = {
			isa = XCBuildConfiguration;
			buildSettings = {
				ALWAYS_SEARCH_USER_PATHS = NO;
				CLANG_ANALYZER_NONNULL = YES;
				CLANG_CXX_LANGUAGE_STANDARD = "gnu++0x";
				CLANG_CXX_LIBRARY = "libc++";
				CLANG_ENABLE_MODULES = YES;
				CLANG_ENABLE_OBJC_ARC = YES;
				CLANG_WARN_BOOL_CONVERSION = YES;
				CLANG_WARN_CONSTANT_CONVERSION = YES;
				CLANG_WARN_DIRECT_OBJC_ISA_USAGE = YES_ERROR;
				CLANG_WARN_EMPTY_BODY = YES;
				CLANG_WARN_ENUM_CONVERSION = YES;
				CLANG_WARN_INT_CONVERSION = YES;
				CLANG_WARN_OBJC_ROOT_CLASS = YES_ERROR;
				CLANG_WARN_UNREACHABLE_CODE = YES;
				CLANG_WARN__DUPLICATE_METHOD_MATCH = YES;
				"CODE_SIGN_IDENTITY[sdk=iphoneos*]" = "iPhone Developer";
				COPY_PHASE_STRIP = NO;
				DEBUG_INFORMATION_FORMAT = dwarf;
				ENABLE_STRICT_OBJC_MSGSEND = YES;
				ENABLE_TESTABILITY = YES;
				GCC_C_LANGUAGE_STANDARD = gnu99;
				GCC_DYNAMIC_NO_PIC = NO;
				GCC_NO_COMMON_BLOCKS = YES;
				GCC_OPTIMIZATION_LEVEL = 0;
				GCC_PREPROCESSOR_DEFINITIONS = (
					"DEBUG=1",
					"$(inherited)",
				);
				GCC_WARN_64_TO_32_BIT_CONVERSION = YES;
				GCC_WARN_ABOUT_RETURN_TYPE = YES_ERROR;
				GCC_WARN_UNDECLARED_SELECTOR = YES;
				GCC_WARN_UNINITIALIZED_AUTOS = YES_AGGRESSIVE;
				GCC_WARN_UNUSED_FUNCTION = YES;
				GCC_WARN_UNUSED_VARIABLE = YES;
				IPHONEOS_DEPLOYMENT_TARGET = 9.3;
				MTL_ENABLE_DEBUG_INFO = YES;
				ONLY_ACTIVE_ARCH = YES;
				SDKROOT = iphoneos;
				TARGETED_DEVICE_FAMILY = "1,2";
			};
			name = Debug;
		};
		D26BA8F31D126232004E716C /* Release */ = {
			isa = XCBuildConfiguration;
			buildSettings = {
				ALWAYS_SEARCH_USER_PATHS = NO;
				CLANG_ANALYZER_NONNULL = YES;
				CLANG_CXX_LANGUAGE_STANDARD = "gnu++0x";
				CLANG_CXX_LIBRARY = "libc++";
				CLANG_ENABLE_MODULES = YES;
				CLANG_ENABLE_OBJC_ARC = YES;
				CLANG_WARN_BOOL_CONVERSION = YES;
				CLANG_WARN_CONSTANT_CONVERSION = YES;
				CLANG_WARN_DIRECT_OBJC_ISA_USAGE = YES_ERROR;
				CLANG_WARN_EMPTY_BODY = YES;
				CLANG_WARN_ENUM_CONVERSION = YES;
				CLANG_WARN_INT_CONVERSION = YES;
				CLANG_WARN_OBJC_ROOT_CLASS = YES_ERROR;
				CLANG_WARN_UNREACHABLE_CODE = YES;
				CLANG_WARN__DUPLICATE_METHOD_MATCH = YES;
				"CODE_SIGN_IDENTITY[sdk=iphoneos*]" = "iPhone Developer";
				COPY_PHASE_STRIP = NO;
				DEBUG_INFORMATION_FORMAT = "dwarf-with-dsym";
				ENABLE_NS_ASSERTIONS = NO;
				ENABLE_STRICT_OBJC_MSGSEND = YES;
				GCC_C_LANGUAGE_STANDARD = gnu99;
				GCC_NO_COMMON_BLOCKS = YES;
				GCC_WARN_64_TO_32_BIT_CONVERSION = YES;
				GCC_WARN_ABOUT_RETURN_TYPE = YES_ERROR;
				GCC_WARN_UNDECLARED_SELECTOR = YES;
				GCC_WARN_UNINITIALIZED_AUTOS = YES_AGGRESSIVE;
				GCC_WARN_UNUSED_FUNCTION = YES;
				GCC_WARN_UNUSED_VARIABLE = YES;
				IPHONEOS_DEPLOYMENT_TARGET = 9.3;
				MTL_ENABLE_DEBUG_INFO = NO;
				SDKROOT = iphoneos;
				TARGETED_DEVICE_FAMILY = "1,2";
				VALIDATE_PRODUCT = YES;
			};
			name = Release;
		};
		D26BA8F51D126232004E716C /* Debug */ = {
			isa = XCBuildConfiguration;
			baseConfigurationReference = EA4D81AB7611F3857A499548 /* Pods-ContactApplication.debug.xcconfig */;
			buildSettings = {
				ASSETCATALOG_COMPILER_APPICON_NAME = AppIcon;
				CLANG_ENABLE_MODULES = YES;
				INFOPLIST_FILE = ContactApplication/Info.plist;
				LD_RUNPATH_SEARCH_PATHS = "$(inherited) @executable_path/Frameworks";
				PRODUCT_BUNDLE_IDENTIFIER = ui.ContactApplication;
				PRODUCT_NAME = "$(TARGET_NAME)";
				SWIFT_OBJC_BRIDGING_HEADER = "ContactApplication/ContactApplication-Bridging-Header.h";
				SWIFT_OPTIMIZATION_LEVEL = "-Onone";
			};
			name = Debug;
		};
		D26BA8F61D126232004E716C /* Release */ = {
			isa = XCBuildConfiguration;
			baseConfigurationReference = 078869584BA4DECD4CE88EF7 /* Pods-ContactApplication.release.xcconfig */;
			buildSettings = {
				ASSETCATALOG_COMPILER_APPICON_NAME = AppIcon;
				CLANG_ENABLE_MODULES = YES;
				INFOPLIST_FILE = ContactApplication/Info.plist;
				LD_RUNPATH_SEARCH_PATHS = "$(inherited) @executable_path/Frameworks";
				PRODUCT_BUNDLE_IDENTIFIER = ui.ContactApplication;
				PRODUCT_NAME = "$(TARGET_NAME)";
				SWIFT_OBJC_BRIDGING_HEADER = "ContactApplication/ContactApplication-Bridging-Header.h";
			};
			name = Release;
		};
		D26BA8F81D126232004E716C /* Debug */ = {
			isa = XCBuildConfiguration;
			buildSettings = {
				BUNDLE_LOADER = "$(TEST_HOST)";
				INFOPLIST_FILE = ContactApplicationTests/Info.plist;
				LD_RUNPATH_SEARCH_PATHS = "$(inherited) @executable_path/Frameworks @loader_path/Frameworks";
				PRODUCT_BUNDLE_IDENTIFIER = ui.ContactApplicationTests;
				PRODUCT_NAME = "$(TARGET_NAME)";
				TEST_HOST = "$(BUILT_PRODUCTS_DIR)/ContactApplication.app/ContactApplication";
			};
			name = Debug;
		};
		D26BA8F91D126232004E716C /* Release */ = {
			isa = XCBuildConfiguration;
			buildSettings = {
				BUNDLE_LOADER = "$(TEST_HOST)";
				INFOPLIST_FILE = ContactApplicationTests/Info.plist;
				LD_RUNPATH_SEARCH_PATHS = "$(inherited) @executable_path/Frameworks @loader_path/Frameworks";
				PRODUCT_BUNDLE_IDENTIFIER = ui.ContactApplicationTests;
				PRODUCT_NAME = "$(TARGET_NAME)";
				TEST_HOST = "$(BUILT_PRODUCTS_DIR)/ContactApplication.app/ContactApplication";
			};
			name = Release;
		};
		D26BA8FB1D126232004E716C /* Debug */ = {
			isa = XCBuildConfiguration;
			buildSettings = {
				INFOPLIST_FILE = ContactApplicationUITests/Info.plist;
				LD_RUNPATH_SEARCH_PATHS = "$(inherited) @executable_path/Frameworks @loader_path/Frameworks";
				PRODUCT_BUNDLE_IDENTIFIER = ui.ContactApplicationUITests;
				PRODUCT_NAME = "$(TARGET_NAME)";
				TEST_TARGET_NAME = ContactApplication;
			};
			name = Debug;
		};
		D26BA8FC1D126232004E716C /* Release */ = {
			isa = XCBuildConfiguration;
			buildSettings = {
				INFOPLIST_FILE = ContactApplicationUITests/Info.plist;
				LD_RUNPATH_SEARCH_PATHS = "$(inherited) @executable_path/Frameworks @loader_path/Frameworks";
				PRODUCT_BUNDLE_IDENTIFIER = ui.ContactApplicationUITests;
				PRODUCT_NAME = "$(TARGET_NAME)";
				TEST_TARGET_NAME = ContactApplication;
			};
			name = Release;
		};
/* End XCBuildConfiguration section */

/* Begin XCConfigurationList section */
		D26BA8BF1D126232004E716C /* Build configuration list for PBXProject "ContactApplication" */ = {
			isa = XCConfigurationList;
			buildConfigurations = (
				D26BA8F21D126232004E716C /* Debug */,
				D26BA8F31D126232004E716C /* Release */,
			);
			defaultConfigurationIsVisible = 0;
			defaultConfigurationName = Release;
		};
		D26BA8F41D126232004E716C /* Build configuration list for PBXNativeTarget "ContactApplication" */ = {
			isa = XCConfigurationList;
			buildConfigurations = (
				D26BA8F51D126232004E716C /* Debug */,
				D26BA8F61D126232004E716C /* Release */,
			);
			defaultConfigurationIsVisible = 0;
			defaultConfigurationName = Release;
		};
		D26BA8F71D126232004E716C /* Build configuration list for PBXNativeTarget "ContactApplicationTests" */ = {
			isa = XCConfigurationList;
			buildConfigurations = (
				D26BA8F81D126232004E716C /* Debug */,
				D26BA8F91D126232004E716C /* Release */,
			);
			defaultConfigurationIsVisible = 0;
			defaultConfigurationName = Release;
		};
		D26BA8FA1D126232004E716C /* Build configuration list for PBXNativeTarget "ContactApplicationUITests" */ = {
			isa = XCConfigurationList;
			buildConfigurations = (
				D26BA8FB1D126232004E716C /* Debug */,
				D26BA8FC1D126232004E716C /* Release */,
			);
			defaultConfigurationIsVisible = 0;
			defaultConfigurationName = Release;
		};
/* End XCConfigurationList section */

/* Begin XCVersionGroup section */
		D26BA8D31D126232004E716C /* ContactApplication.xcdatamodeld */ = {
			isa = XCVersionGroup;
			children = (
				D26BA8D41D126232004E716C /* ContactApplication.xcdatamodel */,
			);
			currentVersion = D26BA8D41D126232004E716C /* ContactApplication.xcdatamodel */;
			path = ContactApplication.xcdatamodeld;
			sourceTree = "<group>";
			versionGroupType = wrapper.xcdatamodel;
		};
/* End XCVersionGroup section */
	};
	rootObject = D26BA8BC1D126232004E716C /* Project object */;
}
